# THIS IS AN AUTOGENERATED FILE. DO NOT EDIT THIS FILE DIRECTLY.
# yarn lockfile v1


matplotlib@^1.0.0:
  version "1.0.0"
  resolved "https://registry.yarnpkg.com/matplotlib/-/matplotlib-1.0.0.tgz#1b7a4fcdaf00a3df8b6199a41a0025cc031ba054"
  integrity sha512-BiYNXIswoWqkcQ2dT+DbOAy8dR+Gi72rKilabj7x2SMAs8HDHDynvgbIPHHQn3SnR78IBh6rNxhlAbQPEjuwlw==

numpy@^0.0.1:
  version "0.0.1"
  resolved "https://registry.yarnpkg.com/numpy/-/numpy-0.0.1.tgz#c6bbd4c49b45bd537f768a09c9220a290de41598"
  integrity sha512-HPoSFyRtH4dRUGjI6bzeVKgfOeNtIAWLvVWMqbaNGmWKE+npdnZ6L78TEJELgZBb+9XpL6r16vOz1jaQ7YVI7Q==

pandas@^0.0.3:
  version "0.0.3"
  resolved "https://registry.yarnpkg.com/pandas/-/pandas-0.0.3.tgz#2a11b02074f0ffcc0729c73235572e5adbb0f1f7"
  integrity sha512-b6b0XOuj8mvj2Kn6qfcvPmb0ILCcbuep5VYZche3730P9cXQcvarbbvWJxwXkxc3OXyGFYjJ4kozjX5ZXXMrsw==
